# This file is automatically @generated by Poetry 1.8.2 and should not be changed by hand.

[[package]]
name = "cachetools"
version = "2.0.1"
description = "Extensible memoizing collections and decorators"
optional = false
python-versions = "*"
files = [
    {file = "cachetools-2.0.1-py2.py3-none-any.whl", hash = "sha256:4319bbb78172e7bcf99423e1ecd6914b32336ccfe97d2058ffe62e641a7f3abe"},
    {file = "cachetools-2.0.1.tar.gz", hash = "sha256:ede01f2d3cbd6ddc9e35e16c2b0ce011d8bb70ce0dbaf282f5b4df24b213bc5d"},
]

[[package]]
name = "certifi"
version = "2023.7.22"
description = "Python package for providing Mozilla's CA Bundle."
optional = false
python-versions = ">=3.6"
files = [
    {file = "certifi-2023.7.22-py3-none-any.whl", hash = "sha256:92d6037539857d8206b8f6ae472e8b77db8058fec5937a1ef3f54304089edbb9"},
    {file = "certifi-2023.7.22.tar.gz", hash = "sha256:539cc1d13202e33ca466e88b2807e29f4c13049d6d87031a3c110744495cb082"},
]

[[package]]
name = "charset-normalizer"
version = "3.0.1"
description = "The Real First Universal Charset Detector. Open, modern and actively maintained alternative to Chardet."
optional = false
python-versions = "*"
files = [
    {file = "charset-normalizer-3.0.1.tar.gz", hash = "sha256:ebea339af930f8ca5d7a699b921106c6e29c617fe9606fa7baa043c1cdae326f"},
    {file = "charset_normalizer-3.0.1-cp310-cp310-macosx_10_9_universal2.whl", hash = "sha256:88600c72ef7587fe1708fd242b385b6ed4b8904976d5da0893e31df8b3480cb6"},
    {file = "charset_normalizer-3.0.1-cp310-cp310-macosx_10_9_x86_64.whl", hash = "sha256:c75ffc45f25324e68ab238cb4b5c0a38cd1c3d7f1fb1f72b5541de469e2247db"},
    {file = "charset_normalizer-3.0.1-cp310-cp310-macosx_11_0_arm64.whl", hash = "sha256:db72b07027db150f468fbada4d85b3b2729a3db39178abf5c543b784c1254539"},
    {file = "charset_normalizer-3.0.1-cp310-cp310-manylinux_2_17_aarch64.manylinux2014_aarch64.whl", hash = "sha256:62595ab75873d50d57323a91dd03e6966eb79c41fa834b7a1661ed043b2d404d"},
    {file = "charset_normalizer-3.0.1-cp310-cp310-manylinux_2_17_ppc64le.manylinux2014_ppc64le.whl", hash = "sha256:ff6f3db31555657f3163b15a6b7c6938d08df7adbfc9dd13d9d19edad678f1e8"},
    {file = "charset_normalizer-3.0.1-cp310-cp310-manylinux_2_17_s390x.manylinux2014_s390x.whl", hash = "sha256:772b87914ff1152b92a197ef4ea40efe27a378606c39446ded52c8f80f79702e"},
    {file = "charset_normalizer-3.0.1-cp310-cp310-manylinux_2_17_x86_64.manylinux2014_x86_64.whl", hash = "sha256:70990b9c51340e4044cfc394a81f614f3f90d41397104d226f21e66de668730d"},
    {file = "charset_normalizer-3.0.1-cp310-cp310-manylinux_2_5_i686.manylinux1_i686.manylinux_2_17_i686.manylinux2014_i686.whl", hash = "sha256:292d5e8ba896bbfd6334b096e34bffb56161c81408d6d036a7dfa6929cff8783"},
    {file = "charset_normalizer-3.0.1-cp310-cp310-musllinux_1_1_aarch64.whl", hash = "sha256:2edb64ee7bf1ed524a1da60cdcd2e1f6e2b4f66ef7c077680739f1641f62f555"},
    {file = "charset_normalizer-3.0.1-cp310-cp310-musllinux_1_1_i686.whl", hash = "sha256:31a9ddf4718d10ae04d9b18801bd776693487cbb57d74cc3458a7673f6f34639"},
    {file = "charset_normalizer-3.0.1-cp310-cp310-musllinux_1_1_ppc64le.whl", hash = "sha256:44ba614de5361b3e5278e1241fda3dc1838deed864b50a10d7ce92983797fa76"},
    {file = "charset_normalizer-3.0.1-cp310-cp310-musllinux_1_1_s390x.whl", hash = "sha256:12db3b2c533c23ab812c2b25934f60383361f8a376ae272665f8e48b88e8e1c6"},
    {file = "charset_normalizer-3.0.1-cp310-cp310-musllinux_1_1_x86_64.whl", hash = "sha256:c512accbd6ff0270939b9ac214b84fb5ada5f0409c44298361b2f5e13f9aed9e"},
    {file = "charset_normalizer-3.0.1-cp310-cp310-win32.whl", hash = "sha256:502218f52498a36d6bf5ea77081844017bf7982cdbe521ad85e64cabee1b608b"},
    {file = "charset_normalizer-3.0.1-cp310-cp310-win_amd64.whl", hash = "sha256:601f36512f9e28f029d9481bdaf8e89e5148ac5d89cffd3b05cd533eeb423b59"},
    {file = "charset_normalizer-3.0.1-cp311-cp311-macosx_10_9_universal2.whl", hash = "sha256:0298eafff88c99982a4cf66ba2efa1128e4ddaca0b05eec4c456bbc7db691d8d"},
    {file = "charset_normalizer-3.0.1-cp311-cp311-macosx_10_9_x86_64.whl", hash = "sha256:a8d0fc946c784ff7f7c3742310cc8a57c5c6dc31631269876a88b809dbeff3d3"},
    {file = "charset_normalizer-3.0.1-cp311-cp311-macosx_11_0_arm64.whl", hash = "sha256:87701167f2a5c930b403e9756fab1d31d4d4da52856143b609e30a1ce7160f3c"},
    {file = "charset_normalizer-3.0.1-cp311-cp311-manylinux_2_17_aarch64.manylinux2014_aarch64.whl", hash = "sha256:14e76c0f23218b8f46c4d87018ca2e441535aed3632ca134b10239dfb6dadd6b"},
    {file = "charset_normalizer-3.0.1-cp311-cp311-manylinux_2_17_ppc64le.manylinux2014_ppc64le.whl", hash = "sha256:0c0a590235ccd933d9892c627dec5bc7511ce6ad6c1011fdf5b11363022746c1"},
    {file = "charset_normalizer-3.0.1-cp311-cp311-manylinux_2_17_s390x.manylinux2014_s390x.whl", hash = "sha256:8c7fe7afa480e3e82eed58e0ca89f751cd14d767638e2550c77a92a9e749c317"},
    {file = "charset_normalizer-3.0.1-cp311-cp311-manylinux_2_17_x86_64.manylinux2014_x86_64.whl", hash = "sha256:79909e27e8e4fcc9db4addea88aa63f6423ebb171db091fb4373e3312cb6d603"},
    {file = "charset_normalizer-3.0.1-cp311-cp311-manylinux_2_5_i686.manylinux1_i686.manylinux_2_17_i686.manylinux2014_i686.whl", hash = "sha256:8ac7b6a045b814cf0c47f3623d21ebd88b3e8cf216a14790b455ea7ff0135d18"},
    {file = "charset_normalizer-3.0.1-cp311-cp311-musllinux_1_1_aarch64.whl", hash = "sha256:72966d1b297c741541ca8cf1223ff262a6febe52481af742036a0b296e35fa5a"},
    {file = "charset_normalizer-3.0.1-cp311-cp311-musllinux_1_1_i686.whl", hash = "sha256:f9d0c5c045a3ca9bedfc35dca8526798eb91a07aa7a2c0fee134c6c6f321cbd7"},
    {file = "charset_normalizer-3.0.1-cp311-cp311-musllinux_1_1_ppc64le.whl", hash = "sha256:5995f0164fa7df59db4746112fec3f49c461dd6b31b841873443bdb077c13cfc"},
    {file = "charset_normalizer-3.0.1-cp311-cp311-musllinux_1_1_s390x.whl", hash = "sha256:4a8fcf28c05c1f6d7e177a9a46a1c52798bfe2ad80681d275b10dcf317deaf0b"},
    {file = "charset_normalizer-3.0.1-cp311-cp311-musllinux_1_1_x86_64.whl", hash = "sha256:761e8904c07ad053d285670f36dd94e1b6ab7f16ce62b9805c475b7aa1cffde6"},
    {file = "charset_normalizer-3.0.1-cp311-cp311-win32.whl", hash = "sha256:71140351489970dfe5e60fc621ada3e0f41104a5eddaca47a7acb3c1b851d6d3"},
    {file = "charset_normalizer-3.0.1-cp311-cp311-win_amd64.whl", hash = "sha256:9ab77acb98eba3fd2a85cd160851816bfce6871d944d885febf012713f06659c"},
    {file = "charset_normalizer-3.0.1-cp36-cp36m-macosx_10_9_x86_64.whl", hash = "sha256:84c3990934bae40ea69a82034912ffe5a62c60bbf6ec5bc9691419641d7d5c9a"},
    {file = "charset_normalizer-3.0.1-cp36-cp36m-manylinux_2_17_aarch64.manylinux2014_aarch64.whl", hash = "sha256:74292fc76c905c0ef095fe11e188a32ebd03bc38f3f3e9bcb85e4e6db177b7ea"},
    {file = "charset_normalizer-3.0.1-cp36-cp36m-manylinux_2_17_ppc64le.manylinux2014_ppc64le.whl", hash = "sha256:c95a03c79bbe30eec3ec2b7f076074f4281526724c8685a42872974ef4d36b72"},
    {file = "charset_normalizer-3.0.1-cp36-cp36m-manylinux_2_17_s390x.manylinux2014_s390x.whl", hash = "sha256:f4c39b0e3eac288fedc2b43055cfc2ca7a60362d0e5e87a637beac5d801ef478"},
    {file = "charset_normalizer-3.0.1-cp36-cp36m-manylinux_2_17_x86_64.manylinux2014_x86_64.whl", hash = "sha256:df2c707231459e8a4028eabcd3cfc827befd635b3ef72eada84ab13b52e1574d"},
    {file = "charset_normalizer-3.0.1-cp36-cp36m-manylinux_2_5_i686.manylinux1_i686.manylinux_2_17_i686.manylinux2014_i686.whl", hash = "sha256:93ad6d87ac18e2a90b0fe89df7c65263b9a99a0eb98f0a3d2e079f12a0735837"},
    {file = "charset_normalizer-3.0.1-cp36-cp36m-musllinux_1_1_aarch64.whl", hash = "sha256:59e5686dd847347e55dffcc191a96622f016bc0ad89105e24c14e0d6305acbc6"},
    {file = "charset_normalizer-3.0.1-cp36-cp36m-musllinux_1_1_i686.whl", hash = "sha256:cd6056167405314a4dc3c173943f11249fa0f1b204f8b51ed4bde1a9cd1834dc"},
    {file = "charset_normalizer-3.0.1-cp36-cp36m-musllinux_1_1_ppc64le.whl", hash = "sha256:083c8d17153ecb403e5e1eb76a7ef4babfc2c48d58899c98fcaa04833e7a2f9a"},
    {file = "charset_normalizer-3.0.1-cp36-cp36m-musllinux_1_1_s390x.whl", hash = "sha256:f5057856d21e7586765171eac8b9fc3f7d44ef39425f85dbcccb13b3ebea806c"},
    {file = "charset_normalizer-3.0.1-cp36-cp36m-musllinux_1_1_x86_64.whl", hash = "sha256:7eb33a30d75562222b64f569c642ff3dc6689e09adda43a082208397f016c39a"},
    {file = "charset_normalizer-3.0.1-cp36-cp36m-win32.whl", hash = "sha256:95dea361dd73757c6f1c0a1480ac499952c16ac83f7f5f4f84f0658a01b8ef41"},
    {file = "charset_normalizer-3.0.1-cp36-cp36m-win_amd64.whl", hash = "sha256:eaa379fcd227ca235d04152ca6704c7cb55564116f8bc52545ff357628e10602"},
    {file = "charset_normalizer-3.0.1-cp37-cp37m-macosx_10_9_x86_64.whl", hash = "sha256:3e45867f1f2ab0711d60c6c71746ac53537f1684baa699f4f668d4c6f6ce8e14"},
    {file = "charset_normalizer-3.0.1-cp37-cp37m-manylinux_2_17_aarch64.manylinux2014_aarch64.whl", hash = "sha256:cadaeaba78750d58d3cc6ac4d1fd867da6fc73c88156b7a3212a3cd4819d679d"},
    {file = "charset_normalizer-3.0.1-cp37-cp37m-manylinux_2_17_ppc64le.manylinux2014_ppc64le.whl", hash = "sha256:911d8a40b2bef5b8bbae2e36a0b103f142ac53557ab421dc16ac4aafee6f53dc"},
    {file = "charset_normalizer-3.0.1-cp37-cp37m-manylinux_2_17_s390x.manylinux2014_s390x.whl", hash = "sha256:503e65837c71b875ecdd733877d852adbc465bd82c768a067badd953bf1bc5a3"},
    {file = "charset_normalizer-3.0.1-cp37-cp37m-manylinux_2_17_x86_64.manylinux2014_x86_64.whl", hash = "sha256:a60332922359f920193b1d4826953c507a877b523b2395ad7bc716ddd386d866"},
    {file = "charset_normalizer-3.0.1-cp37-cp37m-manylinux_2_5_i686.manylinux1_i686.manylinux_2_17_i686.manylinux2014_i686.whl", hash = "sha256:16a8663d6e281208d78806dbe14ee9903715361cf81f6d4309944e4d1e59ac5b"},
    {file = "charset_normalizer-3.0.1-cp37-cp37m-musllinux_1_1_aarch64.whl", hash = "sha256:a16418ecf1329f71df119e8a65f3aa68004a3f9383821edcb20f0702934d8087"},
    {file = "charset_normalizer-3.0.1-cp37-cp37m-musllinux_1_1_i686.whl", hash = "sha256:9d9153257a3f70d5f69edf2325357251ed20f772b12e593f3b3377b5f78e7ef8"},
    {file = "charset_normalizer-3.0.1-cp37-cp37m-musllinux_1_1_ppc64le.whl", hash = "sha256:02a51034802cbf38db3f89c66fb5d2ec57e6fe7ef2f4a44d070a593c3688667b"},
    {file = "charset_normalizer-3.0.1-cp37-cp37m-musllinux_1_1_s390x.whl", hash = "sha256:2e396d70bc4ef5325b72b593a72c8979999aa52fb8bcf03f701c1b03e1166918"},
    {file = "charset_normalizer-3.0.1-cp37-cp37m-musllinux_1_1_x86_64.whl", hash = "sha256:11b53acf2411c3b09e6af37e4b9005cba376c872503c8f28218c7243582df45d"},
    {file = "charset_normalizer-3.0.1-cp37-cp37m-win32.whl", hash = "sha256:0bf2dae5291758b6f84cf923bfaa285632816007db0330002fa1de38bfcb7154"},
    {file = "charset_normalizer-3.0.1-cp37-cp37m-win_amd64.whl", hash = "sha256:2c03cc56021a4bd59be889c2b9257dae13bf55041a3372d3295416f86b295fb5"},
    {file = "charset_normalizer-3.0.1-cp38-cp38-macosx_10_9_universal2.whl", hash = "sha256:024e606be3ed92216e2b6952ed859d86b4cfa52cd5bc5f050e7dc28f9b43ec42"},
    {file = "charset_normalizer-3.0.1-cp38-cp38-macosx_10_9_x86_64.whl", hash = "sha256:4b0d02d7102dd0f997580b51edc4cebcf2ab6397a7edf89f1c73b586c614272c"},
    {file = "charset_normalizer-3.0.1-cp38-cp38-macosx_11_0_arm64.whl", hash = "sha256:358a7c4cb8ba9b46c453b1dd8d9e431452d5249072e4f56cfda3149f6ab1405e"},
    {file = "charset_normalizer-3.0.1-cp38-cp38-manylinux_2_17_aarch64.manylinux2014_aarch64.whl", hash = "sha256:81d6741ab457d14fdedc215516665050f3822d3e56508921cc7239f8c8e66a58"},
    {file = "charset_normalizer-3.0.1-cp38-cp38-manylinux_2_17_ppc64le.manylinux2014_ppc64le.whl", hash = "sha256:8b8af03d2e37866d023ad0ddea594edefc31e827fee64f8de5611a1dbc373174"},
    {file = "charset_normalizer-3.0.1-cp38-cp38-manylinux_2_17_s390x.manylinux2014_s390x.whl", hash = "sha256:9cf4e8ad252f7c38dd1f676b46514f92dc0ebeb0db5552f5f403509705e24753"},
    {file = "charset_normalizer-3.0.1-cp38-cp38-manylinux_2_17_x86_64.manylinux2014_x86_64.whl", hash = "sha256:e696f0dd336161fca9adbb846875d40752e6eba585843c768935ba5c9960722b"},
    {file = "charset_normalizer-3.0.1-cp38-cp38-manylinux_2_5_i686.manylinux1_i686.manylinux_2_17_i686.manylinux2014_i686.whl", hash = "sha256:c22d3fe05ce11d3671297dc8973267daa0f938b93ec716e12e0f6dee81591dc1"},
    {file = "charset_normalizer-3.0.1-cp38-cp38-musllinux_1_1_aarch64.whl", hash = "sha256:109487860ef6a328f3eec66f2bf78b0b72400280d8f8ea05f69c51644ba6521a"},
    {file = "charset_normalizer-3.0.1-cp38-cp38-musllinux_1_1_i686.whl", hash = "sha256:37f8febc8ec50c14f3ec9637505f28e58d4f66752207ea177c1d67df25da5aed"},
    {file = "charset_normalizer-3.0.1-cp38-cp38-musllinux_1_1_ppc64le.whl", hash = "sha256:f97e83fa6c25693c7a35de154681fcc257c1c41b38beb0304b9c4d2d9e164479"},
    {file = "charset_normalizer-3.0.1-cp38-cp38-musllinux_1_1_s390x.whl", hash = "sha256:a152f5f33d64a6be73f1d30c9cc82dfc73cec6477ec268e7c6e4c7d23c2d2291"},
    {file = "charset_normalizer-3.0.1-cp38-cp38-musllinux_1_1_x86_64.whl", hash = "sha256:39049da0ffb96c8cbb65cbf5c5f3ca3168990adf3551bd1dee10c48fce8ae820"},
    {file = "charset_normalizer-3.0.1-cp38-cp38-win32.whl", hash = "sha256:4457ea6774b5611f4bed5eaa5df55f70abde42364d498c5134b7ef4c6958e20e"},
    {file = "charset_normalizer-3.0.1-cp38-cp38-win_amd64.whl", hash = "sha256:e62164b50f84e20601c1ff8eb55620d2ad25fb81b59e3cd776a1902527a788af"},
    {file = "charset_normalizer-3.0.1-cp39-cp39-macosx_10_9_universal2.whl", hash = "sha256:8eade758719add78ec36dc13201483f8e9b5d940329285edcd5f70c0a9edbd7f"},
    {file = "charset_normalizer-3.0.1-cp39-cp39-macosx_10_9_x86_64.whl", hash = "sha256:8499ca8f4502af841f68135133d8258f7b32a53a1d594aa98cc52013fff55678"},
    {file = "charset_normalizer-3.0.1-cp39-cp39-macosx_11_0_arm64.whl", hash = "sha256:3fc1c4a2ffd64890aebdb3f97e1278b0cc72579a08ca4de8cd2c04799a3a22be"},
    {file = "charset_normalizer-3.0.1-cp39-cp39-manylinux_2_17_aarch64.manylinux2014_aarch64.whl", hash = "sha256:00d3ffdaafe92a5dc603cb9bd5111aaa36dfa187c8285c543be562e61b755f6b"},
    {file = "charset_normalizer-3.0.1-cp39-cp39-manylinux_2_17_ppc64le.manylinux2014_ppc64le.whl", hash = "sha256:c2ac1b08635a8cd4e0cbeaf6f5e922085908d48eb05d44c5ae9eabab148512ca"},
    {file = "charset_normalizer-3.0.1-cp39-cp39-manylinux_2_17_s390x.manylinux2014_s390x.whl", hash = "sha256:f6f45710b4459401609ebebdbcfb34515da4fc2aa886f95107f556ac69a9147e"},
    {file = "charset_normalizer-3.0.1-cp39-cp39-manylinux_2_17_x86_64.manylinux2014_x86_64.whl", hash = "sha256:3ae1de54a77dc0d6d5fcf623290af4266412a7c4be0b1ff7444394f03f5c54e3"},
    {file = "charset_normalizer-3.0.1-cp39-cp39-manylinux_2_5_i686.manylinux1_i686.manylinux_2_17_i686.manylinux2014_i686.whl", hash = "sha256:3b590df687e3c5ee0deef9fc8c547d81986d9a1b56073d82de008744452d6541"},
    {file = "charset_normalizer-3.0.1-cp39-cp39-musllinux_1_1_aarch64.whl", hash = "sha256:ab5de034a886f616a5668aa5d098af2b5385ed70142090e2a31bcbd0af0fdb3d"},
    {file = "charset_normalizer-3.0.1-cp39-cp39-musllinux_1_1_i686.whl", hash = "sha256:9cb3032517f1627cc012dbc80a8ec976ae76d93ea2b5feaa9d2a5b8882597579"},
    {file = "charset_normalizer-3.0.1-cp39-cp39-musllinux_1_1_ppc64le.whl", hash = "sha256:608862a7bf6957f2333fc54ab4399e405baad0163dc9f8d99cb236816db169d4"},
    {file = "charset_normalizer-3.0.1-cp39-cp39-musllinux_1_1_s390x.whl", hash = "sha256:0f438ae3532723fb6ead77e7c604be7c8374094ef4ee2c5e03a3a17f1fca256c"},
    {file = "charset_normalizer-3.0.1-cp39-cp39-musllinux_1_1_x86_64.whl", hash = "sha256:356541bf4381fa35856dafa6a965916e54bed415ad8a24ee6de6e37deccf2786"},
    {file = "charset_normalizer-3.0.1-cp39-cp39-win32.whl", hash = "sha256:39cf9ed17fe3b1bc81f33c9ceb6ce67683ee7526e65fde1447c772afc54a1bb8"},
    {file = "charset_normalizer-3.0.1-cp39-cp39-win_amd64.whl", hash = "sha256:0a11e971ed097d24c534c037d298ad32c6ce81a45736d31e0ff0ad37ab437d59"},
    {file = "charset_normalizer-3.0.1-py3-none-any.whl", hash = "sha256:7e189e2e1d3ed2f4aebabd2d5b0f931e883676e51c7624826e0a4e5fe8a0bf24"},
]

[[package]]
name = "idna"
version = "3.7"
description = "Internationalized Domain Names in Applications (IDNA)"
optional = false
python-versions = ">=3.5"
files = [
    {file = "idna-3.7-py3-none-any.whl", hash = "sha256:82fee1fc78add43492d3a1898bfa6d8a904cc97d8427f683ed8e798d07761aa0"},
    {file = "idna-3.7.tar.gz", hash = "sha256:028ff3aadf0609c1fd278d8ea3089299412a7a8b9bd005dd08b9f8285bcb5cfc"},
]

[[package]]
name = "pendulum"
version = "2.1.2"
description = "Python datetimes made easy"
optional = false
python-versions = ">=2.7, !=3.0.*, !=3.1.*, !=3.2.*, !=3.3.*, !=3.4.*"
files = [
    {file = "pendulum-2.1.2-cp27-cp27m-macosx_10_15_x86_64.whl", hash = "sha256:b6c352f4bd32dff1ea7066bd31ad0f71f8d8100b9ff709fb343f3b86cee43efe"},
    {file = "pendulum-2.1.2-cp27-cp27m-win_amd64.whl", hash = "sha256:318f72f62e8e23cd6660dbafe1e346950281a9aed144b5c596b2ddabc1d19739"},
    {file = "pendulum-2.1.2-cp35-cp35m-macosx_10_15_x86_64.whl", hash = "sha256:0731f0c661a3cb779d398803655494893c9f581f6488048b3fb629c2342b5394"},
    {file = "pendulum-2.1.2-cp35-cp35m-manylinux1_i686.whl", hash = "sha256:3481fad1dc3f6f6738bd575a951d3c15d4b4ce7c82dce37cf8ac1483fde6e8b0"},
    {file = "pendulum-2.1.2-cp35-cp35m-manylinux1_x86_64.whl", hash = "sha256:9702069c694306297ed362ce7e3c1ef8404ac8ede39f9b28b7c1a7ad8c3959e3"},
    {file = "pendulum-2.1.2-cp35-cp35m-win_amd64.whl", hash = "sha256:fb53ffa0085002ddd43b6ca61a7b34f2d4d7c3ed66f931fe599e1a531b42af9b"},
    {file = "pendulum-2.1.2-cp36-cp36m-macosx_10_15_x86_64.whl", hash = "sha256:c501749fdd3d6f9e726086bf0cd4437281ed47e7bca132ddb522f86a1645d360"},
    {file = "pendulum-2.1.2-cp36-cp36m-manylinux1_i686.whl", hash = "sha256:c807a578a532eeb226150d5006f156632df2cc8c5693d778324b43ff8c515dd0"},
    {file = "pendulum-2.1.2-cp36-cp36m-manylinux1_x86_64.whl", hash = "sha256:2d1619a721df661e506eff8db8614016f0720ac171fe80dda1333ee44e684087"},
    {file = "pendulum-2.1.2-cp36-cp36m-win_amd64.whl", hash = "sha256:f888f2d2909a414680a29ae74d0592758f2b9fcdee3549887779cd4055e975db"},
    {file = "pendulum-2.1.2-cp37-cp37m-macosx_10_15_x86_64.whl", hash = "sha256:e95d329384717c7bf627bf27e204bc3b15c8238fa8d9d9781d93712776c14002"},
    {file = "pendulum-2.1.2-cp37-cp37m-manylinux1_i686.whl", hash = "sha256:4c9c689747f39d0d02a9f94fcee737b34a5773803a64a5fdb046ee9cac7442c5"},
    {file = "pendulum-2.1.2-cp37-cp37m-manylinux1_x86_64.whl", hash = "sha256:1245cd0075a3c6d889f581f6325dd8404aca5884dea7223a5566c38aab94642b"},
    {file = "pendulum-2.1.2-cp37-cp37m-win_amd64.whl", hash = "sha256:db0a40d8bcd27b4fb46676e8eb3c732c67a5a5e6bfab8927028224fbced0b40b"},
    {file = "pendulum-2.1.2-cp38-cp38-macosx_10_15_x86_64.whl", hash = "sha256:f5e236e7730cab1644e1b87aca3d2ff3e375a608542e90fe25685dae46310116"},
    {file = "pendulum-2.1.2-cp38-cp38-manylinux1_i686.whl", hash = "sha256:de42ea3e2943171a9e95141f2eecf972480636e8e484ccffaf1e833929e9e052"},
    {file = "pendulum-2.1.2-cp38-cp38-manylinux1_x86_64.whl", hash = "sha256:7c5ec650cb4bec4c63a89a0242cc8c3cebcec92fcfe937c417ba18277d8560be"},
    {file = "pendulum-2.1.2-cp38-cp38-win_amd64.whl", hash = "sha256:33fb61601083f3eb1d15edeb45274f73c63b3c44a8524703dc143f4212bf3269"},
    {file = "pendulum-2.1.2-cp39-cp39-manylinux1_i686.whl", hash = "sha256:29c40a6f2942376185728c9a0347d7c0f07905638c83007e1d262781f1e6953a"},
    {file = "pendulum-2.1.2-cp39-cp39-manylinux1_x86_64.whl", hash = "sha256:94b1fc947bfe38579b28e1cccb36f7e28a15e841f30384b5ad6c5e31055c85d7"},
    {file = "pendulum-2.1.2.tar.gz", hash = "sha256:b06a0ca1bfe41c990bbf0c029f0b6501a7f2ec4e38bfec730712015e8860f207"},
]

[package.dependencies]
python-dateutil = ">=2.6,<3.0"
pytzdata = ">=2020.1"

[[package]]
name = "pyjwt"
version = "2.6.0"
description = "JSON Web Token implementation in Python"
optional = false
python-versions = ">=3.7"
files = [
    {file = "PyJWT-2.6.0-py3-none-any.whl", hash = "sha256:d83c3d892a77bbb74d3e1a2cfa90afaadb60945205d1095d9221f04466f64c14"},
    {file = "PyJWT-2.6.0.tar.gz", hash = "sha256:69285c7e31fc44f68a1feb309e948e0df53259d579295e6cfe2b1792329f05fd"},
]

[package.extras]
crypto = ["cryptography (>=3.4.0)"]
dev = ["coverage[toml] (==5.0.4)", "cryptography (>=3.4.0)", "pre-commit", "pytest (>=6.0.0,<7.0.0)", "sphinx (>=4.5.0,<5.0.0)", "sphinx-rtd-theme", "zope.interface"]
docs = ["sphinx (>=4.5.0,<5.0.0)", "sphinx-rtd-theme", "zope.interface"]
tests = ["coverage[toml] (==5.0.4)", "pytest (>=6.0.0,<7.0.0)"]

[[package]]
name = "python-dateutil"
version = "2.8.2"
description = "Extensions to the standard Python datetime module"
optional = false
python-versions = "!=3.0.*,!=3.1.*,!=3.2.*,>=2.7"
files = [
    {file = "python-dateutil-2.8.2.tar.gz", hash = "sha256:0123cacc1627ae19ddf3c27a5de5bd67ee4586fbdd6440d9748f8abb483d3e86"},
    {file = "python_dateutil-2.8.2-py2.py3-none-any.whl", hash = "sha256:961d03dc3453ebbc59dbdea9e4e11c5651520a876d0f4db161e8674aae935da9"},
]

[package.dependencies]
six = ">=1.5"

[[package]]
name = "pytzdata"
version = "2020.1"
description = "The Olson timezone database for Python."
optional = false
python-versions = ">=2.7, !=3.0.*, !=3.1.*, !=3.2.*, !=3.3.*"
files = [
    {file = "pytzdata-2020.1-py2.py3-none-any.whl", hash = "sha256:e1e14750bcf95016381e4d472bad004eef710f2d6417240904070b3d6654485f"},
    {file = "pytzdata-2020.1.tar.gz", hash = "sha256:3efa13b335a00a8de1d345ae41ec78dd11c9f8807f522d39850f2dd828681540"},
]

[[package]]
name = "pyuri"
version = "0.3.1"
description = "Better URI Handling"
optional = false
python-versions = "*"
files = [
    {file = "pyuri-0.3.1-py2.py3-none-any.whl", hash = "sha256:0db8582a7580fa675108dd48f16af0988ee2598a18e80df803ce06909bd842c6"},
    {file = "pyuri-0.3.1.tar.gz", hash = "sha256:dc691e7a13aab7664eff1912760c3a53e2acc77f2e5bc4ef46560265ebab7430"},
]

[package.extras]
test = ["coverage (>=4.0)", "coveralls (>=1.1)", "mock (>=1.0)", "nose (>=1.0)", "tox (>=2.1)"]

[[package]]
name = "requests"
version = "2.28.2"
description = "Python HTTP for Humans."
optional = false
python-versions = ">=3.7, <4"
files = [
    {file = "requests-2.28.2-py3-none-any.whl", hash = "sha256:64299f4909223da747622c030b781c0d7811e359c37124b4bd368fb8c6518baa"},
    {file = "requests-2.28.2.tar.gz", hash = "sha256:98b1b2782e3c6c4904938b84c0eb932721069dfdb9134313beff7c83c2df24bf"},
]

[package.dependencies]
certifi = ">=2017.4.17"
charset-normalizer = ">=2,<4"
idna = ">=2.5,<4"
urllib3 = ">=1.21.1,<1.27"

[package.extras]
socks = ["PySocks (>=1.5.6,!=1.5.7)"]
use-chardet-on-py3 = ["chardet (>=3.0.2,<6)"]

[[package]]
name = "shortid"
version = "0.1.2"
description = "Short id generator"
optional = false
python-versions = "*"
files = [
    {file = "shortid-0.1.2.tar.gz", hash = "sha256:adaa0c51269d9b5b635eedc408672b08697d404099370ea0857d108a48eef6ac"},
]

[[package]]
name = "six"
version = "1.16.0"
description = "Python 2 and 3 compatibility utilities"
optional = false
python-versions = ">=2.7, !=3.0.*, !=3.1.*, !=3.2.*"
files = [
    {file = "six-1.16.0-py2.py3-none-any.whl", hash = "sha256:8abb2f1d86890a2dfb989f9a77cfcfd3e47c2a354b01111771326f8aa26e0254"},
    {file = "six-1.16.0.tar.gz", hash = "sha256:1e61c37477a1626458e36f7b1d82aa5c9b094fa4802892072e49de9c60c4c926"},
]

[[package]]
name = "sortedcontainers"
version = "2.4.0"
description = "Sorted Containers -- Sorted List, Sorted Dict, Sorted Set"
optional = false
python-versions = "*"
files = [
    {file = "sortedcontainers-2.4.0-py2.py3-none-any.whl", hash = "sha256:a163dcaede0f1c021485e957a39245190e74249897e2ae4b2aa38595db237ee0"},
    {file = "sortedcontainers-2.4.0.tar.gz", hash = "sha256:25caa5a06cc30b6b83d11423433f65d1f9d76c4c6a0c90e3379eaa43b9bfdb88"},
]

[[package]]
name = "swimlane"
version = "10.11.0"
description = "Python driver for the Swimlane API"
optional = false
python-versions = "*"
files = [
    {file = "swimlane-10.11.0-py2.py3-none-any.whl", hash = "sha256:e43c7ca9566934660e7c162f657ceefaf27a3f3bf6e77fc1e9b1eea155d85e49"},
    {file = "swimlane-10.11.0.tar.gz", hash = "sha256:178140fa18d3ec11f686ffbbe953578242138f39d5827e6878ed6fd7110253c6"},
]

[package.dependencies]
cachetools = ">=2.0,<2.1"
certifi = ">=2017"
pendulum = "2.1.2"
pyjwt = ">=2.4.0"
pyuri = ">=0.3,<0.4"
requests = {version = ">=2,<3", extras = ["security"]}
shortid = "0.1.2"
six = ">=1.12.0"
sortedcontainers = "2.4.0"

[[package]]
name = "urllib3"
version = "1.26.19"
description = "HTTP library with thread-safe connection pooling, file post, and more."
optional = false
python-versions = "!=3.0.*,!=3.1.*,!=3.2.*,!=3.3.*,!=3.4.*,!=3.5.*,>=2.7"
files = [
    {file = "urllib3-1.26.19-py2.py3-none-any.whl", hash = "sha256:37a0344459b199fce0e80b0d3569837ec6b6937435c5244e7fd73fa6006830f3"},
    {file = "urllib3-1.26.19.tar.gz", hash = "sha256:3e3d753a8618b86d7de333b4223005f68720bcd6a7d2bcb9fbd2229ec7c1e429"},
]

[package.extras]
brotli = ["brotli (==1.0.9)", "brotli (>=1.0.9)", "brotlicffi (>=0.8.0)", "brotlipy (>=0.6.0)"]
secure = ["certifi", "cryptography (>=1.3.4)", "idna (>=2.0.0)", "ipaddress", "pyOpenSSL (>=0.14)", "urllib3-secure-extra"]
socks = ["PySocks (>=1.5.6,!=1.5.7,<2.0)"]

[metadata]
lock-version = "2.0"
python-versions = "^3.8"
content-hash = "98c48b47cc69ebea98becec3177aadc3b246e644c1f9d2274695fd1a299f58c5"
